// !$*UTF8*$!
{
	archiveVersion = 1;
	classes = {
	};
	objectVersion = 77;
	objects = {

/* Begin PBXContainerItemProxy section */
		71A41F652CA006F30064F9AA /* PBXContainerItemProxy */ = {
			isa = PBXContainerItemProxy;
			containerPortal = 71A41F4C2CA006F00064F9AA /* Project object */;
			proxyType = 1;
			remoteGlobalIDString = 71A41F532CA006F00064F9AA;
			remoteInfo = DOKUSAI;
		};
		71A41F6F2CA006F30064F9AA /* PBXContainerItemProxy */ = {
			isa = PBXContainerItemProxy;
			containerPortal = 71A41F4C2CA006F00064F9AA /* Project object */;
			proxyType = 1;
			remoteGlobalIDString = 71A41F532CA006F00064F9AA;
			remoteInfo = DOKUSAI;
		};
/* End PBXContainerItemProxy section */

/* Begin PBXFileReference section */
		71A41F542CA006F00064F9AA /* DOKUSAI.app */ = {isa = PBXFileReference; explicitFileType = wrapper.application; includeInIndex = 0; path = DOKUSAI.app; sourceTree = BUILT_PRODUCTS_DIR; };
		71A41F642CA006F30064F9AA /* DOKUSAITests.xctest */ = {isa = PBXFileReference; explicitFileType = wrapper.cfbundle; includeInIndex = 0; path = DOKUSAITests.xctest; sourceTree = BUILT_PRODUCTS_DIR; };
		71A41F6E2CA006F30064F9AA /* DOKUSAIUITests.xctest */ = {isa = PBXFileReference; explicitFileType = wrapper.cfbundle; includeInIndex = 0; path = DOKUSAIUITests.xctest; sourceTree = BUILT_PRODUCTS_DIR; };
/* End PBXFileReference section */

/* Begin PBXFileSystemSynchronizedRootGroup section */
		71A41F562CA006F00064F9AA /* DOKUSAI */ = {
			isa = PBXFileSystemSynchronizedRootGroup;
			path = DOKUSAI;
			sourceTree = "<group>";
		};
		71A41F672CA006F30064F9AA /* DOKUSAITests */ = {
			isa = PBXFileSystemSynchronizedRootGroup;
			path = DOKUSAITests;
			sourceTree = "<group>";
		};
		71A41F712CA006F30064F9AA /* DOKUSAIUITests */ = {
			isa = PBXFileSystemSynchronizedRootGroup;
			path = DOKUSAIUITests;
			sourceTree = "<group>";
		};
/* End PBXFileSystemSynchronizedRootGroup section */

/* Begin PBXFrameworksBuildPhase section */
		71A41F512CA006F00064F9AA /* Frameworks */ = {
			isa = PBXFrameworksBuildPhase;
			buildActionMask = 2147483647;
			files = (
			);
			runOnlyForDeploymentPostprocessing = 0;
		};
		71A41F612CA006F30064F9AA /* Frameworks */ = {
			isa = PBXFrameworksBuildPhase;
			buildActionMask = 2147483647;
			files = (
			);
			runOnlyForDeploymentPostprocessing = 0;
		};
		71A41F6B2CA006F30064F9AA /* Frameworks */ = {
			isa = PBXFrameworksBuildPhase;
			buildActionMask = 2147483647;
			files = (
			);
			runOnlyForDeploymentPostprocessing = 0;
		};
/* End PBXFrameworksBuildPhase section */

/* Begin PBXGroup section */
		71A41F4B2CA006F00064F9AA = {
			isa = PBXGroup;
			children = (
				71A41F562CA006F00064F9AA /* DOKUSAI */,
				71A41F672CA006F30064F9AA /* DOKUSAITests */,
				71A41F712CA006F30064F9AA /* DOKUSAIUITests */,
				71A41F552CA006F00064F9AA /* Products */,
			);
			sourceTree = "<group>";
		};
		71A41F552CA006F00064F9AA /* Products */ = {
			isa = PBXGroup;
			children = (
				71A41F542CA006F00064F9AA /* DOKUSAI.app */,
				71A41F642CA006F30064F9AA /* DOKUSAITests.xctest */,
				71A41F6E2CA006F30064F9AA /* DOKUSAIUITests.xctest */,
			);
			name = Products;
			sourceTree = "<group>";
		};
/* End PBXGroup section */

/* Begin PBXNativeTarget section */
		71A41F532CA006F00064F9AA /* DOKUSAI */ = {
			isa = PBXNativeTarget;
			buildConfigurationList = 71A41F782CA006F30064F9AA /* Build configuration list for PBXNativeTarget "DOKUSAI" */;
			buildPhases = (
				71A41F502CA006F00064F9AA /* Sources */,
				71A41F512CA006F00064F9AA /* Frameworks */,
				71A41F522CA006F00064F9AA /* Resources */,
			);
			buildRules = (
			);
			dependencies = (
			);
			fileSystemSynchronizedGroups = (
				71A41F562CA006F00064F9AA /* DOKUSAI */,
			);
			name = DOKUSAI;
			packageProductDependencies = (
			);
			productName = DOKUSAI;
			productReference = 71A41F542CA006F00064F9AA /* DOKUSAI.app */;
			productType = "com.apple.product-type.application";
		};
		71A41F632CA006F30064F9AA /* DOKUSAITests */ = {
			isa = PBXNativeTarget;
			buildConfigurationList = 71A41F7B2CA006F30064F9AA /* Build configuration list for PBXNativeTarget "DOKUSAITests" */;
			buildPhases = (
				71A41F602CA006F30064F9AA /* Sources */,
				71A41F612CA006F30064F9AA /* Frameworks */,
				71A41F622CA006F30064F9AA /* Resources */,
			);
			buildRules = (
			);
			dependencies = (
				71A41F662CA006F30064F9AA /* PBXTargetDependency */,
			);
			fileSystemSynchronizedGroups = (
				71A41F672CA006F30064F9AA /* DOKUSAITests */,
			);
			name = DOKUSAITests;
			packageProductDependencies = (
			);
			productName = DOKUSAITests;
			productReference = 71A41F642CA006F30064F9AA /* DOKUSAITests.xctest */;
			productType = "com.apple.product-type.bundle.unit-test";
		};
		71A41F6D2CA006F30064F9AA /* DOKUSAIUITests */ = {
			isa = PBXNativeTarget;
			buildConfigurationList = 71A41F7E2CA006F30064F9AA /* Build configuration list for PBXNativeTarget "DOKUSAIUITests" */;
			buildPhases = (
				71A41F6A2CA006F30064F9AA /* Sources */,
				71A41F6B2CA006F30064F9AA /* Frameworks */,
				71A41F6C2CA006F30064F9AA /* Resources */,
			);
			buildRules = (
			);
			dependencies = (
				71A41F702CA006F30064F9AA /* PBXTargetDependency */,
			);
			fileSystemSynchronizedGroups = (
				71A41F712CA006F30064F9AA /* DOKUSAIUITests */,
			);
			name = DOKUSAIUITests;
			packageProductDependencies = (
			);
			productName = DOKUSAIUITests;
			productReference = 71A41F6E2CA006F30064F9AA /* DOKUSAIUITests.xctest */;
			productType = "com.apple.product-type.bundle.ui-testing";
		};
/* End PBXNativeTarget section */

/* Begin PBXProject section */
		71A41F4C2CA006F00064F9AA /* Project object */ = {
			isa = PBXProject;
			attributes = {
				BuildIndependentTargetsInParallel = 1;
				LastSwiftUpdateCheck = 1610;
				LastUpgradeCheck = 1610;
				TargetAttributes = {
					71A41F532CA006F00064F9AA = {
						CreatedOnToolsVersion = 16.1;
					};
					71A41F632CA006F30064F9AA = {
						CreatedOnToolsVersion = 16.1;
						TestTargetID = 71A41F532CA006F00064F9AA;
					};
					71A41F6D2CA006F30064F9AA = {
						CreatedOnToolsVersion = 16.1;
						TestTargetID = 71A41F532CA006F00064F9AA;
					};
				};
			};
			buildConfigurationList = 71A41F4F2CA006F00064F9AA /* Build configuration list for PBXProject "DOKUSAI" */;
			developmentRegion = en;
			hasScannedForEncodings = 0;
			knownRegions = (
				en,
				Base,
			);
			mainGroup = 71A41F4B2CA006F00064F9AA;
			minimizedProjectReferenceProxies = 1;
			preferredProjectObjectVersion = 77;
			productRefGroup = 71A41F552CA006F00064F9AA /* Products */;
			projectDirPath = "";
			projectRoot = "";
			targets = (
				71A41F532CA006F00064F9AA /* DOKUSAI */,
				71A41F632CA006F30064F9AA /* DOKUSAITests */,
				71A41F6D2CA006F30064F9AA /* DOKUSAIUITests */,
			);
		};
/* End PBXProject section */

/* Begin PBXResourcesBuildPhase section */
		71A41F522CA006F00064F9AA /* Resources */ = {
			isa = PBXResourcesBuildPhase;
			buildActionMask = 2147483647;
			files = (
			);
			runOnlyForDeploymentPostprocessing = 0;
		};
		71A41F622CA006F30064F9AA /* Resources */ = {
			isa = PBXResourcesBuildPhase;
			buildActionMask = 2147483647;
			files = (
			);
			runOnlyForDeploymentPostprocessing = 0;
		};
		71A41F6C2CA006F30064F9AA /* Resources */ = {
			isa = PBXResourcesBuildPhase;
			buildActionMask = 2147483647;
			files = (
			);
			runOnlyForDeploymentPostprocessing = 0;
		};
/* End PBXResourcesBuildPhase section */

/* Begin PBXSourcesBuildPhase section */
		71A41F502CA006F00064F9AA /* Sources */ = {
			isa = PBXSourcesBuildPhase;
			buildActionMask = 2147483647;
			files = (
			);
			runOnlyForDeploymentPostprocessing = 0;
		};
		71A41F602CA006F30064F9AA /* Sources */ = {
			isa = PBXSourcesBuildPhase;
			buildActionMask = 2147483647;
			files = (
			);
			runOnlyForDeploymentPostprocessing = 0;
		};
		71A41F6A2CA006F30064F9AA /* Sources */ = {
			isa = PBXSourcesBuildPhase;
			buildActionMask = 2147483647;
			files = (
			);
			runOnlyForDeploymentPostprocessing = 0;
		};
/* End PBXSourcesBuildPhase section */

/* Begin PBXTargetDependency section */
		71A41F662CA006F30064F9AA /* PBXTargetDependency */ = {
			isa = PBXTargetDependency;
			target = 71A41F532CA006F00064F9AA /* DOKUSAI */;
			targetProxy = 71A41F652CA006F30064F9AA /* PBXContainerItemProxy */;
		};
		71A41F702CA006F30064F9AA /* PBXTargetDependency */ = {
			isa = PBXTargetDependency;
			target = 71A41F532CA006F00064F9AA /* DOKUSAI */;
			targetProxy = 71A41F6F2CA006F30064F9AA /* PBXContainerItemProxy */;
		};
/* End PBXTargetDependency section */

/* Begin XCBuildConfiguration section */
		71A41F762CA006F30064F9AA /* Debug */ = {
			isa = XCBuildConfiguration;
			buildSettings = {
				ALWAYS_SEARCH_USER_PATHS = NO;
				ASSETCATALOG_COMPILER_GENERATE_SWIFT_ASSET_SYMBOL_EXTENSIONS = YES;
				CLANG_ANALYZER_NONNULL = YES;
				CLANG_ANALYZER_NUMBER_OBJECT_CONVERSION = YES_AGGRESSIVE;
				CLANG_CXX_LANGUAGE_STANDARD = "gnu++20";
				CLANG_ENABLE_MODULES = YES;
				CLANG_ENABLE_OBJC_ARC = YES;
				CLANG_ENABLE_OBJC_WEAK = YES;
				CLANG_WARN_BLOCK_CAPTURE_AUTORELEASING = YES;
				CLANG_WARN_BOOL_CONVERSION = YES;
				CLANG_WARN_COMMA = YES;
				CLANG_WARN_CONSTANT_CONVERSION = YES;
				CLANG_WARN_DEPRECATED_OBJC_IMPLEMENTATIONS = YES;
				CLANG_WARN_DIRECT_OBJC_ISA_USAGE = YES_ERROR;
				CLANG_WARN_DOCUMENTATION_COMMENTS = YES;
				CLANG_WARN_EMPTY_BODY = YES;
				CLANG_WARN_ENUM_CONVERSION = YES;
				CLANG_WARN_INFINITE_RECURSION = YES;
				CLANG_WARN_INT_CONVERSION = YES;
				CLANG_WARN_NON_LITERAL_NULL_CONVERSION = YES;
				CLANG_WARN_OBJC_IMPLICIT_RETAIN_SELF = YES;
				CLANG_WARN_OBJC_LITERAL_CONVERSION = YES;
				CLANG_WARN_OBJC_ROOT_CLASS = YES_ERROR;
				CLANG_WARN_QUOTED_INCLUDE_IN_FRAMEWORK_HEADER = YES;
				CLANG_WARN_RANGE_LOOP_ANALYSIS = YES;
				CLANG_WARN_STRICT_PROTOTYPES = YES;
				CLANG_WARN_SUSPICIOUS_MOVE = YES;
				CLANG_WARN_UNGUARDED_AVAILABILITY = YES_AGGRESSIVE;
				CLANG_WARN_UNREACHABLE_CODE = YES;
				CLANG_WARN__DUPLICATE_METHOD_MATCH = YES;
				COPY_PHASE_STRIP = NO;
				DEBUG_INFORMATION_FORMAT = dwarf;
				ENABLE_STRICT_OBJC_MSGSEND = YES;
				ENABLE_TESTABILITY = YES;
				ENABLE_USER_SCRIPT_SANDBOXING = YES;
				GCC_C_LANGUAGE_STANDARD = gnu17;
				GCC_DYNAMIC_NO_PIC = NO;
				GCC_NO_COMMON_BLOCKS = YES;
				GCC_OPTIMIZATION_LEVEL = 0;
				GCC_PREPROCESSOR_DEFINITIONS = (
					"DEBUG=1",
					"$(inherited)",
				);
				GCC_WARN_64_TO_32_BIT_CONVERSION = YES;
				GCC_WARN_ABOUT_RETURN_TYPE = YES_ERROR;
				GCC_WARN_UNDECLARED_SELECTOR = YES;
				GCC_WARN_UNINITIALIZED_AUTOS = YES_AGGRESSIVE;
				GCC_WARN_UNUSED_FUNCTION = YES;
				GCC_WARN_UNUSED_VARIABLE = YES;
				IPHONEOS_DEPLOYMENT_TARGET = 18.1;
				LOCALIZATION_PREFERS_STRING_CATALOGS = YES;
				MTL_ENABLE_DEBUG_INFO = INCLUDE_SOURCE;
				MTL_FAST_MATH = YES;
				ONLY_ACTIVE_ARCH = YES;
				SDKROOT = iphoneos;
				SWIFT_ACTIVE_COMPILATION_CONDITIONS = "DEBUG $(inherited)";
				SWIFT_OPTIMIZATION_LEVEL = "-Onone";
			};
			name = Debug;
		};
		71A41F772CA006F30064F9AA /* Release */ = {
			isa = XCBuildConfiguration;
			buildSettings = {
				ALWAYS_SEARCH_USER_PATHS = NO;
				ASSETCATALOG_COMPILER_GENERATE_SWIFT_ASSET_SYMBOL_EXTENSIONS = YES;
				CLANG_ANALYZER_NONNULL = YES;
				CLANG_ANALYZER_NUMBER_OBJECT_CONVERSION = YES_AGGRESSIVE;
				CLANG_CXX_LANGUAGE_STANDARD = "gnu++20";
				CLANG_ENABLE_MODULES = YES;
				CLANG_ENABLE_OBJC_ARC = YES;
				CLANG_ENABLE_OBJC_WEAK = YES;
				CLANG_WARN_BLOCK_CAPTURE_AUTORELEASING = YES;
				CLANG_WARN_BOOL_CONVERSION = YES;
				CLANG_WARN_COMMA = YES;
				CLANG_WARN_CONSTANT_CONVERSION = YES;
				CLANG_WARN_DEPRECATED_OBJC_IMPLEMENTATIONS = YES;
				CLANG_WARN_DIRECT_OBJC_ISA_USAGE = YES_ERROR;
				CLANG_WARN_DOCUMENTATION_COMMENTS = YES;
				CLANG_WARN_EMPTY_BODY = YES;
				CLANG_WARN_ENUM_CONVERSION = YES;
				CLANG_WARN_INFINITE_RECURSION = YES;
				CLANG_WARN_INT_CONVERSION = YES;
				CLANG_WARN_NON_LITERAL_NULL_CONVERSION = YES;
				CLANG_WARN_OBJC_IMPLICIT_RETAIN_SELF = YES;
				CLANG_WARN_OBJC_LITERAL_CONVERSION = YES;
				CLANG_WARN_OBJC_ROOT_CLASS = YES_ERROR;
				CLANG_WARN_QUOTED_INCLUDE_IN_FRAMEWORK_HEADER = YES;
				CLANG_WARN_RANGE_LOOP_ANALYSIS = YES;
				CLANG_WARN_STRICT_PROTOTYPES = YES;
				CLANG_WARN_SUSPICIOUS_MOVE = YES;
				CLANG_WARN_UNGUARDED_AVAILABILITY = YES_AGGRESSIVE;
				CLANG_WARN_UNREACHABLE_CODE = YES;
				CLANG_WARN__DUPLICATE_METHOD_MATCH = YES;
				COPY_PHASE_STRIP = NO;
				DEBUG_INFORMATION_FORMAT = "dwarf-with-dsym";
				ENABLE_NS_ASSERTIONS = NO;
				ENABLE_STRICT_OBJC_MSGSEND = YES;
				ENABLE_USER_SCRIPT_SANDBOXING = YES;
				GCC_C_LANGUAGE_STANDARD = gnu17;
				GCC_NO_COMMON_BLOCKS = YES;
				GCC_WARN_64_TO_32_BIT_CONVERSION = YES;
				GCC_WARN_ABOUT_RETURN_TYPE = YES_ERROR;
				GCC_WARN_UNDECLARED_SELECTOR = YES;
				GCC_WARN_UNINITIALIZED_AUTOS = YES_AGGRESSIVE;
				GCC_WARN_UNUSED_FUNCTION = YES;
				GCC_WARN_UNUSED_VARIABLE = YES;
				IPHONEOS_DEPLOYMENT_TARGET = 18.1;
				LOCALIZATION_PREFERS_STRING_CATALOGS = YES;
				MTL_ENABLE_DEBUG_INFO = NO;
				MTL_FAST_MATH = YES;
				SDKROOT = iphoneos;
				SWIFT_COMPILATION_MODE = wholemodule;
				VALIDATE_PRODUCT = YES;
			};
			name = Release;
		};
		71A41F792CA006F30064F9AA /* Debug */ = {
			isa = XCBuildConfiguration;
			buildSettings = {
				ASSETCATALOG_COMPILER_APPICON_NAME = AppIcon;
				ASSETCATALOG_COMPILER_GLOBAL_ACCENT_COLOR_NAME = AccentColor;
				CODE_SIGN_STYLE = Automatic;
				CURRENT_PROJECT_VERSION = 1;
				DEVELOPMENT_ASSET_PATHS = "\"DOKUSAI/Preview Content\"";
				DEVELOPMENT_TEAM = AGS5SL5799;
				ENABLE_PREVIEWS = YES;
				GENERATE_INFOPLIST_FILE = YES;
				INFOPLIST_KEY_UIApplicationSceneManifest_Generation = YES;
				INFOPLIST_KEY_UIApplicationSupportsIndirectInputEvents = YES;
				INFOPLIST_KEY_UILaunchScreen_Generation = YES;
				INFOPLIST_KEY_UISupportedInterfaceOrientations_iPad = "UIInterfaceOrientationPortrait UIInterfaceOrientationPortraitUpsideDown UIInterfaceOrientationLandscapeLeft UIInterfaceOrientationLandscapeRight";
				INFOPLIST_KEY_UISupportedInterfaceOrientations_iPhone = "UIInterfaceOrientationPortrait UIInterfaceOrientationLandscapeLeft UIInterfaceOrientationLandscapeRight";
				IPHONEOS_DEPLOYMENT_TARGET = 18.0;
				LD_RUNPATH_SEARCH_PATHS = (
					"$(inherited)",
					"@executable_path/Frameworks",
				);
				MARKETING_VERSION = 1.0;
				PRODUCT_BUNDLE_IDENTIFIER = com.lightSprits.DOKUSAI;
				PRODUCT_NAME = "$(TARGET_NAME)";
				SWIFT_EMIT_LOC_STRINGS = YES;
				SWIFT_VERSION = 5.0;
				TARGETED_DEVICE_FAMILY = "1,2";
			};
			name = Debug;
		};
		71A41F7A2CA006F30064F9AA /* Release */ = {
			isa = XCBuildConfiguration;
			buildSettings = {
				ASSETCATALOG_COMPILER_APPICON_NAME = AppIcon;
				ASSETCATALOG_COMPILER_GLOBAL_ACCENT_COLOR_NAME = AccentColor;
				CODE_SIGN_STYLE = Automatic;
				CURRENT_PROJECT_VERSION = 1;
				DEVELOPMENT_ASSET_PATHS = "\"DOKUSAI/Preview Content\"";
				DEVELOPMENT_TEAM = AGS5SL5799;
				ENABLE_PREVIEWS = YES;
				GENERATE_INFOPLIST_FILE = YES;
				INFOPLIST_KEY_UIApplicationSceneManifest_Generation = YES;
				INFOPLIST_KEY_UIApplicationSupportsIndirectInputEvents = YES;
				INFOPLIST_KEY_UILaunchScreen_Generation = YES;
				INFOPLIST_KEY_UISupportedInterfaceOrientations_iPad = "UIInterfaceOrientationPortrait UIInterfaceOrientationPortraitUpsideDown UIInterfaceOrientationLandscapeLeft UIInterfaceOrientationLandscapeRight";
				INFOPLIST_KEY_UISupportedInterfaceOrientations_iPhone = "UIInterfaceOrientationPortrait UIInterfaceOrientationLandscapeLeft UIInterfaceOrientationLandscapeRight";
				IPHONEOS_DEPLOYMENT_TARGET = 18.0;
				LD_RUNPATH_SEARCH_PATHS = (
					"$(inherited)",
					"@executable_path/Frameworks",
				);
				MARKETING_VERSION = 1.0;
				PRODUCT_BUNDLE_IDENTIFIER = com.lightSprits.DOKUSAI;
				PRODUCT_NAME = "$(TARGET_NAME)";
				SWIFT_EMIT_LOC_STRINGS = YES;
				SWIFT_VERSION = 5.0;
				TARGETED_DEVICE_FAMILY = "1,2";
			};
			name = Release;
		};
		71A41F7C2CA006F30064F9AA /* Debug */ = {
			isa = XCBuildConfiguration;
			buildSettings = {
				BUNDLE_LOADER = "$(TEST_HOST)";
				CODE_SIGN_STYLE = Automatic;
				CURRENT_PROJECT_VERSION = 1;
				DEVELOPMENT_TEAM = AGS5SL5799;
				GENERATE_INFOPLIST_FILE = YES;
				IPHONEOS_DEPLOYMENT_TARGET = 18.1;
				MARKETING_VERSION = 1.0;
				PRODUCT_BUNDLE_IDENTIFIER = com.lightSprits.DOKUSAITests;
				PRODUCT_NAME = "$(TARGET_NAME)";
				SWIFT_EMIT_LOC_STRINGS = NO;
				SWIFT_VERSION = 5.0;
				TARGETED_DEVICE_FAMILY = "1,2";
				TEST_HOST = "$(BUILT_PRODUCTS_DIR)/DOKUSAI.app/$(BUNDLE_EXECUTABLE_FOLDER_PATH)/DOKUSAI";
			};
			name = Debug;
		};
		71A41F7D2CA006F30064F9AA /* Release */ = {
			isa = XCBuildConfiguration;
			buildSettings = {
				BUNDLE_LOADER = "$(TEST_HOST)";
				CODE_SIGN_STYLE = Automatic;
				CURRENT_PROJECT_VERSION = 1;
				DEVELOPMENT_TEAM = AGS5SL5799;
				GENERATE_INFOPLIST_FILE = YES;
				IPHONEOS_DEPLOYMENT_TARGET = 18.1;
				MARKETING_VERSION = 1.0;
				PRODUCT_BUNDLE_IDENTIFIER = com.lightSprits.DOKUSAITests;
				PRODUCT_NAME = "$(TARGET_NAME)";
				SWIFT_EMIT_LOC_STRINGS = NO;
				SWIFT_VERSION = 5.0;
				TARGETED_DEVICE_FAMILY = "1,2";
				TEST_HOST = "$(BUILT_PRODUCTS_DIR)/DOKUSAI.app/$(BUNDLE_EXECUTABLE_FOLDER_PATH)/DOKUSAI";
			};
			name = Release;
		};
		71A41F7F2CA006F30064F9AA /* Debug */ = {
			isa = XCBuildConfiguration;
			buildSettings = {
				CODE_SIGN_STYLE = Automatic;
				CURRENT_PROJECT_VERSION = 1;
				DEVELOPMENT_TEAM = AGS5SL5799;
				GENERATE_INFOPLIST_FILE = YES;
				MARKETING_VERSION = 1.0;
				PRODUCT_BUNDLE_IDENTIFIER = com.lightSprits.DOKUSAIUITests;
				PRODUCT_NAME = "$(TARGET_NAME)";
				SWIFT_EMIT_LOC_STRINGS = NO;
				SWIFT_VERSION = 5.0;
				TARGETED_DEVICE_FAMILY = "1,2";
				TEST_TARGET_NAME = DOKUSAI;
			};
			name = Debug;
		};
		71A41F802CA006F30064F9AA /* Release */ = {
			isa = XCBuildConfiguration;
			buildSettings = {
				CODE_SIGN_STYLE = Automatic;
				CURRENT_PROJECT_VERSION = 1;
				DEVELOPMENT_TEAM = AGS5SL5799;
				GENERATE_INFOPLIST_FILE = YES;
				MARKETING_VERSION = 1.0;
				PRODUCT_BUNDLE_IDENTIFIER = com.lightSprits.DOKUSAIUITests;
				PRODUCT_NAME = "$(TARGET_NAME)";
				SWIFT_EMIT_LOC_STRINGS = NO;
				SWIFT_VERSION = 5.0;
				TARGETED_DEVICE_FAMILY = "1,2";
				TEST_TARGET_NAME = DOKUSAI;
			};
			name = Release;
		};
/* End XCBuildConfiguration section */

/* Begin XCConfigurationList section */
		71A41F4F2CA006F00064F9AA /* Build configuration list for PBXProject "DOKUSAI" */ = {
			isa = XCConfigurationList;
			buildConfigurations = (
				71A41F762CA006F30064F9AA /* Debug */,
				71A41F772CA006F30064F9AA /* Release */,
			);
			defaultConfigurationIsVisible = 0;
			defaultConfigurationName = Release;
		};
		71A41F782CA006F30064F9AA /* Build configuration list for PBXNativeTarget "DOKUSAI" */ = {
			isa = XCConfigurationList;
			buildConfigurations = (
				71A41F792CA006F30064F9AA /* Debug */,
				71A41F7A2CA006F30064F9AA /* Release */,
			);
			defaultConfigurationIsVisible = 0;
			defaultConfigurationName = Release;
		};
		71A41F7B2CA006F30064F9AA /* Build configuration list for PBXNativeTarget "DOKUSAITests" */ = {
			isa = XCConfigurationList;
			buildConfigurations = (
				71A41F7C2CA006F30064F9AA /* Debug */,
				71A41F7D2CA006F30064F9AA /* Release */,
			);
			defaultConfigurationIsVisible = 0;
			defaultConfigurationName = Release;
		};
		71A41F7E2CA006F30064F9AA /* Build configuration list for PBXNativeTarget "DOKUSAIUITests" */ = {
			isa = XCConfigurationList;
			buildConfigurations = (
				71A41F7F2CA006F30064F9AA /* Debug */,
				71A41F802CA006F30064F9AA /* Release */,
			);
			defaultConfigurationIsVisible = 0;
			defaultConfigurationName = Release;
		};
/* End XCConfigurationList section */
	};
	rootObject = 71A41F4C2CA006F00064F9AA /* Project object */;
}
